
Microsoft Visual Studio Solution File, Format Version 12.00
# Visual Studio 2013
VisualStudioVersion = 12.0.31101.0
MinimumVisualStudioVersion = 10.0.40219.1
Project("{8BC9CEB8-8B4A-11D0-8D11-00A0C91BC942}") = "crane", "crane.vcxproj", "{0F4765E0-5FE4-499C-9AB7-5287F5A8B0A9}"
	ProjectSection(ProjectDependencies) = postProject
		{99A5CE40-F51F-46B8-B92F-48E28C7A6421} = {99A5CE40-F51F-46B8-B92F-48E28C7A6421}
	EndProjectSection
EndProject
Project("{8BC9CEB8-8B4A-11D0-8D11-00A0C91BC942}") = "imgui", "imgui.vcxproj", "{99A5CE40-F51F-46B8-B92F-48E28C7A6421}"
EndProject
Project("{2150E333-8FDC-42A3-9474-1A3956D46DE8}") = "Solution Items", "Solution Items", "{81178CA0-E427-4C40-89E9-AD60140342B3}"
	ProjectSection(SolutionItems) = preProject
		Performance1.psess = Performance1.psess
	EndProjectSection
EndProject
Global
	GlobalSection(SolutionConfigurationPlatforms) = preSolution
		Debug|Win32 = Debug|Win32
		Release|Win32 = Release|Win32
	EndGlobalSection
	GlobalSection(ProjectConfigurationPlatforms) = postSolution
		{0F4765E0-5FE4-499C-9AB7-5287F5A8B0A9}.Debug|Win32.ActiveCfg = Debug|Win32
		{0F4765E0-5FE4-499C-9AB7-5287F5A8B0A9}.Debug|Win32.Build.0 = Debug|Win32
		{0F4765E0-5FE4-499C-9AB7-5287F5A8B0A9}.Release|Win32.ActiveCfg = Release|Win32
		{0F4765E0-5FE4-499C-9AB7-5287F5A8B0A9}.Release|Win32.Build.0 = Release|Win32
		{99A5CE40-F51F-46B8-B92F-48E28C7A6421}.Debug|Win32.ActiveCfg = Debug|Win32
		{99A5CE40-F51F-46B8-B92F-48E28C7A6421}.Debug|Win32.Build.0 = Debug|Win32
		{99A5CE40-F51F-46B8-B92F-48E28C7A6421}.Release|Win32.ActiveCfg = Release|Win32
		{99A5CE40-F51F-46B8-B92F-48E28C7A6421}.Release|Win32.Build.0 = Release|Win32
	EndGlobalSection
	GlobalSection(SolutionProperties) = preSolution
		HideSolutionNode = FALSE
	EndGlobalSection
	GlobalSection(Performance) = preSolution
		HasPerformanceSessions = true
	EndGlobalSection
EndGlobal
