
Microsoft Visual Studio Solution File, Format Version 12.00
# Visual Studio 2013
VisualStudioVersion = 12.0.31101.0
MinimumVisualStudioVersion = 10.0.40219.1
Project("{8BC9CEB8-8B4A-11D0-8D11-00A0C91BC942}") = "crane", "crane.vcxproj", "{0F4765E0-5FE4-499C-9AB7-5287F5A8B0A9}"
	ProjectSection(ProjectDependencies) = postProject
		{019EF60B-6202-394C-967F-AF1D90D10077} = {019EF60B-6202-394C-967F-AF1D90D10077}
		{99A5CE40-F51F-46B8-B92F-48E28C7A6421} = {99A5CE40-F51F-46B8-B92F-48E28C7A6421}
		{A56947CF-9C8E-CE4B-856D-4D9C89E85CA0} = {A56947CF-9C8E-CE4B-856D-4D9C89E85CA0}
		{47394CD9-2556-0C42-8F2C-128E2759D141} = {47394CD9-2556-0C42-8F2C-128E2759D141}
	EndProjectSection
EndProject
Project("{8BC9CEB8-8B4A-11D0-8D11-00A0C91BC942}") = "imgui", "imgui.vcxproj", "{99A5CE40-F51F-46B8-B92F-48E28C7A6421}"
EndProject
Project("{2150E333-8FDC-42A3-9474-1A3956D46DE8}") = "Solution Items", "Solution Items", "{81178CA0-E427-4C40-89E9-AD60140342B3}"
	ProjectSection(SolutionItems) = preProject
		Performance1.psess = Performance1.psess
	EndProjectSection
EndProject
Project("{8BC9CEB8-8B4A-11D0-8D11-00A0C91BC942}") = "LinearMath", "libs\bullet\build3\vs2010\LinearMath.vcxproj", "{A56947CF-9C8E-CE4B-856D-4D9C89E85CA0}"
EndProject
Project("{8BC9CEB8-8B4A-11D0-8D11-00A0C91BC942}") = "BulletCollision", "libs\bullet\build3\vs2010\BulletCollision.vcxproj", "{019EF60B-6202-394C-967F-AF1D90D10077}"
EndProject
Project("{8BC9CEB8-8B4A-11D0-8D11-00A0C91BC942}") = "BulletDynamics", "libs\bullet\build3\vs2010\BulletDynamics.vcxproj", "{47394CD9-2556-0C42-8F2C-128E2759D141}"
EndProject
Global
	GlobalSection(SolutionConfigurationPlatforms) = preSolution
		Debug|Win32 = Debug|Win32
		Debug|x64 = Debug|x64
		Release|Win32 = Release|Win32
		Release|x64 = Release|x64
	EndGlobalSection
	GlobalSection(ProjectConfigurationPlatforms) = postSolution
		{0F4765E0-5FE4-499C-9AB7-5287F5A8B0A9}.Debug|Win32.ActiveCfg = Debug|Win32
		{0F4765E0-5FE4-499C-9AB7-5287F5A8B0A9}.Debug|Win32.Build.0 = Debug|Win32
		{0F4765E0-5FE4-499C-9AB7-5287F5A8B0A9}.Debug|x64.ActiveCfg = Debug|Win32
		{0F4765E0-5FE4-499C-9AB7-5287F5A8B0A9}.Release|Win32.ActiveCfg = Release|Win32
		{0F4765E0-5FE4-499C-9AB7-5287F5A8B0A9}.Release|Win32.Build.0 = Release|Win32
		{0F4765E0-5FE4-499C-9AB7-5287F5A8B0A9}.Release|x64.ActiveCfg = Release|Win32
		{99A5CE40-F51F-46B8-B92F-48E28C7A6421}.Debug|Win32.ActiveCfg = Debug|Win32
		{99A5CE40-F51F-46B8-B92F-48E28C7A6421}.Debug|Win32.Build.0 = Debug|Win32
		{99A5CE40-F51F-46B8-B92F-48E28C7A6421}.Debug|x64.ActiveCfg = Debug|Win32
		{99A5CE40-F51F-46B8-B92F-48E28C7A6421}.Release|Win32.ActiveCfg = Release|Win32
		{99A5CE40-F51F-46B8-B92F-48E28C7A6421}.Release|Win32.Build.0 = Release|Win32
		{99A5CE40-F51F-46B8-B92F-48E28C7A6421}.Release|x64.ActiveCfg = Release|Win32
		{A56947CF-9C8E-CE4B-856D-4D9C89E85CA0}.Debug|Win32.ActiveCfg = Debug|Win32
		{A56947CF-9C8E-CE4B-856D-4D9C89E85CA0}.Debug|Win32.Build.0 = Debug|Win32
		{A56947CF-9C8E-CE4B-856D-4D9C89E85CA0}.Debug|x64.ActiveCfg = Debug|x64
		{A56947CF-9C8E-CE4B-856D-4D9C89E85CA0}.Debug|x64.Build.0 = Debug|x64
		{A56947CF-9C8E-CE4B-856D-4D9C89E85CA0}.Release|Win32.ActiveCfg = Release|Win32
		{A56947CF-9C8E-CE4B-856D-4D9C89E85CA0}.Release|Win32.Build.0 = Release|Win32
		{A56947CF-9C8E-CE4B-856D-4D9C89E85CA0}.Release|x64.ActiveCfg = Release|x64
		{A56947CF-9C8E-CE4B-856D-4D9C89E85CA0}.Release|x64.Build.0 = Release|x64
		{019EF60B-6202-394C-967F-AF1D90D10077}.Debug|Win32.ActiveCfg = Debug|Win32
		{019EF60B-6202-394C-967F-AF1D90D10077}.Debug|Win32.Build.0 = Debug|Win32
		{019EF60B-6202-394C-967F-AF1D90D10077}.Debug|x64.ActiveCfg = Debug|x64
		{019EF60B-6202-394C-967F-AF1D90D10077}.Debug|x64.Build.0 = Debug|x64
		{019EF60B-6202-394C-967F-AF1D90D10077}.Release|Win32.ActiveCfg = Release|Win32
		{019EF60B-6202-394C-967F-AF1D90D10077}.Release|Win32.Build.0 = Release|Win32
		{019EF60B-6202-394C-967F-AF1D90D10077}.Release|x64.ActiveCfg = Release|x64
		{019EF60B-6202-394C-967F-AF1D90D10077}.Release|x64.Build.0 = Release|x64
		{47394CD9-2556-0C42-8F2C-128E2759D141}.Debug|Win32.ActiveCfg = Debug|Win32
		{47394CD9-2556-0C42-8F2C-128E2759D141}.Debug|Win32.Build.0 = Debug|Win32
		{47394CD9-2556-0C42-8F2C-128E2759D141}.Debug|x64.ActiveCfg = Debug|x64
		{47394CD9-2556-0C42-8F2C-128E2759D141}.Debug|x64.Build.0 = Debug|x64
		{47394CD9-2556-0C42-8F2C-128E2759D141}.Release|Win32.ActiveCfg = Release|Win32
		{47394CD9-2556-0C42-8F2C-128E2759D141}.Release|Win32.Build.0 = Release|Win32
		{47394CD9-2556-0C42-8F2C-128E2759D141}.Release|x64.ActiveCfg = Release|x64
		{47394CD9-2556-0C42-8F2C-128E2759D141}.Release|x64.Build.0 = Release|x64
	EndGlobalSection
	GlobalSection(SolutionProperties) = preSolution
		HideSolutionNode = FALSE
	EndGlobalSection
EndGlobal
